
Microsoft Visual Studio Solution File, Format Version 12.00
# Visual Studio Version 16
VisualStudioVersion = 16.0.31025.194
MinimumVisualStudioVersion = 10.0.40219.1
Project("{9A19103F-16F7-4668-BE54-9A1E7A4F7556}") = "repos", "repos.csproj", "{8D269559-E37F-4F8E-AC11-0B5B5311C265}"
EndProject
Global
	GlobalSection(SolutionConfigurationPlatforms) = preSolution
		Debug|Any CPU = Debug|Any CPU
		Release|Any CPU = Release|Any CPU
	EndGlobalSection
	GlobalSection(ProjectConfigurationPlatforms) = postSolution
		{8D269559-E37F-4F8E-AC11-0B5B5311C265}.Debug|Any CPU.ActiveCfg = Debug|Any CPU
		{8D269559-E37F-4F8E-AC11-0B5B5311C265}.Debug|Any CPU.Build.0 = Debug|Any CPU
		{8D269559-E37F-4F8E-AC11-0B5B5311C265}.Release|Any CPU.ActiveCfg = Release|Any CPU
		{8D269559-E37F-4F8E-AC11-0B5B5311C265}.Release|Any CPU.Build.0 = Release|Any CPU
	EndGlobalSection
	GlobalSection(SolutionProperties) = preSolution
		HideSolutionNode = FALSE
	EndGlobalSection
	GlobalSection(ExtensibilityGlobals) = postSolution
		SolutionGuid = {B33DDE84-741A-48C3-8FF7-DA51EE6EE047}
	EndGlobalSection
EndGlobal
